{
  "version": 4,
  "terraform_version": "1.15.2",
  "serial": 1,
  "lineage": "a8da625f-f53f-5b54-3091-cbbe775ee106",
  "outputs": {
    "resource_group_name": {
      "value": "rg-wings-sandbox",
      "type": "string"
    }
  },
  "resources": [
    {
      "module": "module.rg",
      "mode": "managed",
      "type": "azurerm_resource_group",
      "name": "this",
      "provider": "provider[\"registry.terraform.io/hashicorp/azurerm\"]",
      "instances": [
        {
          "schema_version": 0,
          "attributes": {
            "id": "/subscriptions/50e0c5b9-6745-44de-be51-ed9ece141ff5/resourceGroups/rg-wings-sandbox",
            "location": "centralindia",
            "managed_by": "",
            "name": "rg-wings-sandbox",
            "tags": {
              "environment": "sandbox",
              "managed_by": "terraform",
              "project": "wings"
            },
            "timeouts": null
          },
          "sensitive_attributes": [],
          "identity_schema_version": 0,
          "private": "eyJlMmJmYjczMC1lY2FhLTExZTYtOGY4OC0zNDM2M2JjN2M0YzAiOnsiY3JlYXRlIjo1NDAwMDAwMDAwMDAwLCJkZWxldGUiOjU0MDAwMDAwMDAwMDAsInJlYWQiOjMwMDAwMDAwMDAwMCwidXBkYXRlIjo1NDAwMDAwMDAwMDAwfX0="
        }
      ]
    }
  ],
  "check_results": null
}
